
Microsoft Visual Studio Solution File, Format Version 12.00
# Visual Studio 14
VisualStudioVersion = 14.0.24720.0
MinimumVisualStudioVersion = 10.0.40219.1
Project("{FAE04EC0-301F-11D3-BF4B-00C04F79EFBC}") = "MovieRentalStore", "MovieRentalStore\MovieRentalStore.csproj", "{149B1A05-6F12-4127-8A3C-A0429E0ED366}"
EndProject
Global
	GlobalSection(SolutionConfigurationPlatforms) = preSolution
		Debug|Any CPU = Debug|Any CPU
		Release|Any CPU = Release|Any CPU
		Testing|Any CPU = Testing|Any CPU
	EndGlobalSection
	GlobalSection(ProjectConfigurationPlatforms) = postSolution
		{149B1A05-6F12-4127-8A3C-A0429E0ED366}.Debug|Any CPU.ActiveCfg = Debug|Any CPU
		{149B1A05-6F12-4127-8A3C-A0429E0ED366}.Debug|Any CPU.Build.0 = Debug|Any CPU
		{149B1A05-6F12-4127-8A3C-A0429E0ED366}.Release|Any CPU.ActiveCfg = Release|Any CPU
		{149B1A05-6F12-4127-8A3C-A0429E0ED366}.Release|Any CPU.Build.0 = Release|Any CPU
		{149B1A05-6F12-4127-8A3C-A0429E0ED366}.Testing|Any CPU.ActiveCfg = Testing|Any CPU
		{149B1A05-6F12-4127-8A3C-A0429E0ED366}.Testing|Any CPU.Build.0 = Testing|Any CPU
	EndGlobalSection
	GlobalSection(SolutionProperties) = preSolution
		HideSolutionNode = FALSE
	EndGlobalSection
EndGlobal
